// !$*UTF8*$!
{
	archiveVersion = 1;
	classes = {
	};
	objectVersion = 55;
	objects = {

/* Begin PBXBuildFile section */
		57C29E9A2707D2A0003F5E03 /* AppDelegate.swift in Sources */ = {isa = PBXBuildFile; fileRef = 57C29E992707D2A0003F5E03 /* AppDelegate.swift */; };
		57C29E9C2707D2A0003F5E03 /* SceneDelegate.swift in Sources */ = {isa = PBXBuildFile; fileRef = 57C29E9B2707D2A0003F5E03 /* SceneDelegate.swift */; };
		57C29E9E2707D2A0003F5E03 /* ViewController.swift in Sources */ = {isa = PBXBuildFile; fileRef = 57C29E9D2707D2A0003F5E03 /* ViewController.swift */; };
		57C29EA12707D2A0003F5E03 /* Main.storyboard in Resources */ = {isa = PBXBuildFile; fileRef = 57C29E9F2707D2A0003F5E03 /* Main.storyboard */; };
		57C29EA32707D2A3003F5E03 /* Assets.xcassets in Resources */ = {isa = PBXBuildFile; fileRef = 57C29EA22707D2A3003F5E03 /* Assets.xcassets */; };
		57C29EA62707D2A3003F5E03 /* LaunchScreen.storyboard in Resources */ = {isa = PBXBuildFile; fileRef = 57C29EA42707D2A3003F5E03 /* LaunchScreen.storyboard */; };
		57C29EB02707D529003F5E03 /* OnboardingViewController.swift in Sources */ = {isa = PBXBuildFile; fileRef = 57C29EAF2707D529003F5E03 /* OnboardingViewController.swift */; };
		57C29EB327088DD9003F5E03 /* UIView+Extension.swift in Sources */ = {isa = PBXBuildFile; fileRef = 57C29EB227088DD9003F5E03 /* UIView+Extension.swift */; };
		57C29EB72708CA94003F5E03 /* HomeViewController.swift in Sources */ = {isa = PBXBuildFile; fileRef = 57C29EB52708CA94003F5E03 /* HomeViewController.swift */; };
		57C29EBE2708CEF6003F5E03 /* HomeViewController.xib in Resources */ = {isa = PBXBuildFile; fileRef = 57C29EBD2708CEF6003F5E03 /* HomeViewController.xib */; };
		57C29EC22708DB09003F5E03 /* CardCollectionViewCell.swift in Sources */ = {isa = PBXBuildFile; fileRef = 57C29EC02708DB09003F5E03 /* CardCollectionViewCell.swift */; };
		57C29EC32708DB09003F5E03 /* CardCollectionViewCell.xib in Resources */ = {isa = PBXBuildFile; fileRef = 57C29EC12708DB09003F5E03 /* CardCollectionViewCell.xib */; };
/* End PBXBuildFile section */

/* Begin PBXFileReference section */
		57C29E962707D2A0003F5E03 /* JewelleryApp.app */ = {isa = PBXFileReference; explicitFileType = wrapper.application; includeInIndex = 0; path = JewelleryApp.app; sourceTree = BUILT_PRODUCTS_DIR; };
		57C29E992707D2A0003F5E03 /* AppDelegate.swift */ = {isa = PBXFileReference; lastKnownFileType = sourcecode.swift; path = AppDelegate.swift; sourceTree = "<group>"; };
		57C29E9B2707D2A0003F5E03 /* SceneDelegate.swift */ = {isa = PBXFileReference; lastKnownFileType = sourcecode.swift; path = SceneDelegate.swift; sourceTree = "<group>"; };
		57C29E9D2707D2A0003F5E03 /* ViewController.swift */ = {isa = PBXFileReference; lastKnownFileType = sourcecode.swift; path = ViewController.swift; sourceTree = "<group>"; };
		57C29EA02707D2A0003F5E03 /* Base */ = {isa = PBXFileReference; lastKnownFileType = file.storyboard; name = Base; path = Base.lproj/Main.storyboard; sourceTree = "<group>"; };
		57C29EA22707D2A3003F5E03 /* Assets.xcassets */ = {isa = PBXFileReference; lastKnownFileType = folder.assetcatalog; path = Assets.xcassets; sourceTree = "<group>"; };
		57C29EA52707D2A3003F5E03 /* Base */ = {isa = PBXFileReference; lastKnownFileType = file.storyboard; name = Base; path = Base.lproj/LaunchScreen.storyboard; sourceTree = "<group>"; };
		57C29EA72707D2A3003F5E03 /* Info.plist */ = {isa = PBXFileReference; lastKnownFileType = text.plist.xml; path = Info.plist; sourceTree = "<group>"; };
		57C29EAF2707D529003F5E03 /* OnboardingViewController.swift */ = {isa = PBXFileReference; lastKnownFileType = sourcecode.swift; path = OnboardingViewController.swift; sourceTree = "<group>"; };
		57C29EB227088DD9003F5E03 /* UIView+Extension.swift */ = {isa = PBXFileReference; lastKnownFileType = sourcecode.swift; path = "UIView+Extension.swift"; sourceTree = "<group>"; };
		57C29EB52708CA94003F5E03 /* HomeViewController.swift */ = {isa = PBXFileReference; lastKnownFileType = sourcecode.swift; path = HomeViewController.swift; sourceTree = "<group>"; };
		57C29EBD2708CEF6003F5E03 /* HomeViewController.xib */ = {isa = PBXFileReference; lastKnownFileType = file.xib; path = HomeViewController.xib; sourceTree = "<group>"; };
		57C29EC02708DB09003F5E03 /* CardCollectionViewCell.swift */ = {isa = PBXFileReference; lastKnownFileType = sourcecode.swift; path = CardCollectionViewCell.swift; sourceTree = "<group>"; };
		57C29EC12708DB09003F5E03 /* CardCollectionViewCell.xib */ = {isa = PBXFileReference; lastKnownFileType = file.xib; path = CardCollectionViewCell.xib; sourceTree = "<group>"; };
/* End PBXFileReference section */

/* Begin PBXFrameworksBuildPhase section */
		57C29E932707D2A0003F5E03 /* Frameworks */ = {
			isa = PBXFrameworksBuildPhase;
			buildActionMask = 2147483647;
			files = (
			);
			runOnlyForDeploymentPostprocessing = 0;
		};
/* End PBXFrameworksBuildPhase section */

/* Begin PBXGroup section */
		57C29E8D2707D29F003F5E03 = {
			isa = PBXGroup;
			children = (
				57C29E982707D2A0003F5E03 /* JewelleryApp */,
				57C29E972707D2A0003F5E03 /* Products */,
			);
			sourceTree = "<group>";
		};
		57C29E972707D2A0003F5E03 /* Products */ = {
			isa = PBXGroup;
			children = (
				57C29E962707D2A0003F5E03 /* JewelleryApp.app */,
			);
			name = Products;
			sourceTree = "<group>";
		};
		57C29E982707D2A0003F5E03 /* JewelleryApp */ = {
			isa = PBXGroup;
			children = (
				57C29EB127088DCB003F5E03 /* Utils */,
				57C29EAD2707D512003F5E03 /* Features */,
				57C29E992707D2A0003F5E03 /* AppDelegate.swift */,
				57C29E9B2707D2A0003F5E03 /* SceneDelegate.swift */,
				57C29E9D2707D2A0003F5E03 /* ViewController.swift */,
				57C29E9F2707D2A0003F5E03 /* Main.storyboard */,
				57C29EA22707D2A3003F5E03 /* Assets.xcassets */,
				57C29EA42707D2A3003F5E03 /* LaunchScreen.storyboard */,
				57C29EA72707D2A3003F5E03 /* Info.plist */,
			);
			path = JewelleryApp;
			sourceTree = "<group>";
		};
		57C29EAD2707D512003F5E03 /* Features */ = {
			isa = PBXGroup;
			children = (
				57C29EB42708CA65003F5E03 /* Home */,
				57C29EAE2707D518003F5E03 /* Onboarding */,
			);
			path = Features;
			sourceTree = "<group>";
		};
		57C29EAE2707D518003F5E03 /* Onboarding */ = {
			isa = PBXGroup;
			children = (
				57C29EAF2707D529003F5E03 /* OnboardingViewController.swift */,
			);
			path = Onboarding;
			sourceTree = "<group>";
		};
		57C29EB127088DCB003F5E03 /* Utils */ = {
			isa = PBXGroup;
			children = (
				57C29EB227088DD9003F5E03 /* UIView+Extension.swift */,
			);
			path = Utils;
			sourceTree = "<group>";
		};
		57C29EB42708CA65003F5E03 /* Home */ = {
			isa = PBXGroup;
			children = (
				57C29EBF2708DACC003F5E03 /* CardCollectionViewCell */,
				57C29EB52708CA94003F5E03 /* HomeViewController.swift */,
				57C29EBD2708CEF6003F5E03 /* HomeViewController.xib */,
			);
			path = Home;
			sourceTree = "<group>";
		};
		57C29EBF2708DACC003F5E03 /* CardCollectionViewCell */ = {
			isa = PBXGroup;
			children = (
				57C29EC02708DB09003F5E03 /* CardCollectionViewCell.swift */,
				57C29EC12708DB09003F5E03 /* CardCollectionViewCell.xib */,
			);
			path = CardCollectionViewCell;
			sourceTree = "<group>";
		};
/* End PBXGroup section */

/* Begin PBXNativeTarget section */
		57C29E952707D2A0003F5E03 /* JewelleryApp */ = {
			isa = PBXNativeTarget;
			buildConfigurationList = 57C29EAA2707D2A3003F5E03 /* Build configuration list for PBXNativeTarget "JewelleryApp" */;
			buildPhases = (
				57C29E922707D2A0003F5E03 /* Sources */,
				57C29E932707D2A0003F5E03 /* Frameworks */,
				57C29E942707D2A0003F5E03 /* Resources */,
			);
			buildRules = (
			);
			dependencies = (
			);
			name = JewelleryApp;
			productName = JewelleryApp;
			productReference = 57C29E962707D2A0003F5E03 /* JewelleryApp.app */;
			productType = "com.apple.product-type.application";
		};
/* End PBXNativeTarget section */

/* Begin PBXProject section */
		57C29E8E2707D29F003F5E03 /* Project object */ = {
			isa = PBXProject;
			attributes = {
				BuildIndependentTargetsInParallel = 1;
				LastSwiftUpdateCheck = 1300;
				LastUpgradeCheck = 1300;
				TargetAttributes = {
					57C29E952707D2A0003F5E03 = {
						CreatedOnToolsVersion = 13.0;
					};
				};
			};
			buildConfigurationList = 57C29E912707D29F003F5E03 /* Build configuration list for PBXProject "JewelleryApp" */;
			compatibilityVersion = "Xcode 13.0";
			developmentRegion = en;
			hasScannedForEncodings = 0;
			knownRegions = (
				en,
				Base,
			);
			mainGroup = 57C29E8D2707D29F003F5E03;
			productRefGroup = 57C29E972707D2A0003F5E03 /* Products */;
			projectDirPath = "";
			projectRoot = "";
			targets = (
				57C29E952707D2A0003F5E03 /* JewelleryApp */,
			);
		};
/* End PBXProject section */

/* Begin PBXResourcesBuildPhase section */
		57C29E942707D2A0003F5E03 /* Resources */ = {
			isa = PBXResourcesBuildPhase;
			buildActionMask = 2147483647;
			files = (
				57C29EA62707D2A3003F5E03 /* LaunchScreen.storyboard in Resources */,
				57C29EC32708DB09003F5E03 /* CardCollectionViewCell.xib in Resources */,
				57C29EA32707D2A3003F5E03 /* Assets.xcassets in Resources */,
				57C29EA12707D2A0003F5E03 /* Main.storyboard in Resources */,
				57C29EBE2708CEF6003F5E03 /* HomeViewController.xib in Resources */,
			);
			runOnlyForDeploymentPostprocessing = 0;
		};
/* End PBXResourcesBuildPhase section */

/* Begin PBXSourcesBuildPhase section */
		57C29E922707D2A0003F5E03 /* Sources */ = {
			isa = PBXSourcesBuildPhase;
			buildActionMask = 2147483647;
			files = (
				57C29E9E2707D2A0003F5E03 /* ViewController.swift in Sources */,
				57C29E9A2707D2A0003F5E03 /* AppDelegate.swift in Sources */,
				57C29E9C2707D2A0003F5E03 /* SceneDelegate.swift in Sources */,
				57C29EB327088DD9003F5E03 /* UIView+Extension.swift in Sources */,
				57C29EC22708DB09003F5E03 /* CardCollectionViewCell.swift in Sources */,
				57C29EB02707D529003F5E03 /* OnboardingViewController.swift in Sources */,
				57C29EB72708CA94003F5E03 /* HomeViewController.swift in Sources */,
			);
			runOnlyForDeploymentPostprocessing = 0;
		};
/* End PBXSourcesBuildPhase section */

/* Begin PBXVariantGroup section */
		57C29E9F2707D2A0003F5E03 /* Main.storyboard */ = {
			isa = PBXVariantGroup;
			children = (
				57C29EA02707D2A0003F5E03 /* Base */,
			);
			name = Main.storyboard;
			sourceTree = "<group>";
		};
		57C29EA42707D2A3003F5E03 /* LaunchScreen.storyboard */ = {
			isa = PBXVariantGroup;
			children = (
				57C29EA52707D2A3003F5E03 /* Base */,
			);
			name = LaunchScreen.storyboard;
			sourceTree = "<group>";
		};
/* End PBXVariantGroup section */

/* Begin XCBuildConfiguration section */
		57C29EA82707D2A3003F5E03 /* Debug */ = {
			isa = XCBuildConfiguration;
			buildSettings = {
				ALWAYS_SEARCH_USER_PATHS = NO;
				CLANG_ANALYZER_NONNULL = YES;
				CLANG_ANALYZER_NUMBER_OBJECT_CONVERSION = YES_AGGRESSIVE;
				CLANG_CXX_LANGUAGE_STANDARD = "gnu++17";
				CLANG_CXX_LIBRARY = "libc++";
				CLANG_ENABLE_MODULES = YES;
				CLANG_ENABLE_OBJC_ARC = YES;
				CLANG_ENABLE_OBJC_WEAK = YES;
				CLANG_WARN_BLOCK_CAPTURE_AUTORELEASING = YES;
				CLANG_WARN_BOOL_CONVERSION = YES;
				CLANG_WARN_COMMA = YES;
				CLANG_WARN_CONSTANT_CONVERSION = YES;
				CLANG_WARN_DEPRECATED_OBJC_IMPLEMENTATIONS = YES;
				CLANG_WARN_DIRECT_OBJC_ISA_USAGE = YES_ERROR;
				CLANG_WARN_DOCUMENTATION_COMMENTS = YES;
				CLANG_WARN_EMPTY_BODY = YES;
				CLANG_WARN_ENUM_CONVERSION = YES;
				CLANG_WARN_INFINITE_RECURSION = YES;
				CLANG_WARN_INT_CONVERSION = YES;
				CLANG_WARN_NON_LITERAL_NULL_CONVERSION = YES;
				CLANG_WARN_OBJC_IMPLICIT_RETAIN_SELF = YES;
				CLANG_WARN_OBJC_LITERAL_CONVERSION = YES;
				CLANG_WARN_OBJC_ROOT_CLASS = YES_ERROR;
				CLANG_WARN_QUOTED_INCLUDE_IN_FRAMEWORK_HEADER = YES;
				CLANG_WARN_RANGE_LOOP_ANALYSIS = YES;
				CLANG_WARN_STRICT_PROTOTYPES = YES;
				CLANG_WARN_SUSPICIOUS_MOVE = YES;
				CLANG_WARN_UNGUARDED_AVAILABILITY = YES_AGGRESSIVE;
				CLANG_WARN_UNREACHABLE_CODE = YES;
				CLANG_WARN__DUPLICATE_METHOD_MATCH = YES;
				COPY_PHASE_STRIP = NO;
				DEBUG_INFORMATION_FORMAT = dwarf;
				ENABLE_STRICT_OBJC_MSGSEND = YES;
				ENABLE_TESTABILITY = YES;
				GCC_C_LANGUAGE_STANDARD = gnu11;
				GCC_DYNAMIC_NO_PIC = NO;
				GCC_NO_COMMON_BLOCKS = YES;
				GCC_OPTIMIZATION_LEVEL = 0;
				GCC_PREPROCESSOR_DEFINITIONS = (
					"DEBUG=1",
					"$(inherited)",
				);
				GCC_WARN_64_TO_32_BIT_CONVERSION = YES;
				GCC_WARN_ABOUT_RETURN_TYPE = YES_ERROR;
				GCC_WARN_UNDECLARED_SELECTOR = YES;
				GCC_WARN_UNINITIALIZED_AUTOS = YES_AGGRESSIVE;
				GCC_WARN_UNUSED_FUNCTION = YES;
				GCC_WARN_UNUSED_VARIABLE = YES;
				IPHONEOS_DEPLOYMENT_TARGET = 15.0;
				MTL_ENABLE_DEBUG_INFO = INCLUDE_SOURCE;
				MTL_FAST_MATH = YES;
				ONLY_ACTIVE_ARCH = YES;
				SDKROOT = iphoneos;
				SWIFT_ACTIVE_COMPILATION_CONDITIONS = DEBUG;
				SWIFT_OPTIMIZATION_LEVEL = "-Onone";
			};
			name = Debug;
		};
		57C29EA92707D2A3003F5E03 /* Release */ = {
			isa = XCBuildConfiguration;
			buildSettings = {
				ALWAYS_SEARCH_USER_PATHS = NO;
				CLANG_ANALYZER_NONNULL = YES;
				CLANG_ANALYZER_NUMBER_OBJECT_CONVERSION = YES_AGGRESSIVE;
				CLANG_CXX_LANGUAGE_STANDARD = "gnu++17";
				CLANG_CXX_LIBRARY = "libc++";
				CLANG_ENABLE_MODULES = YES;
				CLANG_ENABLE_OBJC_ARC = YES;
				CLANG_ENABLE_OBJC_WEAK = YES;
				CLANG_WARN_BLOCK_CAPTURE_AUTORELEASING = YES;
				CLANG_WARN_BOOL_CONVERSION = YES;
				CLANG_WARN_COMMA = YES;
				CLANG_WARN_CONSTANT_CONVERSION = YES;
				CLANG_WARN_DEPRECATED_OBJC_IMPLEMENTATIONS = YES;
				CLANG_WARN_DIRECT_OBJC_ISA_USAGE = YES_ERROR;
				CLANG_WARN_DOCUMENTATION_COMMENTS = YES;
				CLANG_WARN_EMPTY_BODY = YES;
				CLANG_WARN_ENUM_CONVERSION = YES;
				CLANG_WARN_INFINITE_RECURSION = YES;
				CLANG_WARN_INT_CONVERSION = YES;
				CLANG_WARN_NON_LITERAL_NULL_CONVERSION = YES;
				CLANG_WARN_OBJC_IMPLICIT_RETAIN_SELF = YES;
				CLANG_WARN_OBJC_LITERAL_CONVERSION = YES;
				CLANG_WARN_OBJC_ROOT_CLASS = YES_ERROR;
				CLANG_WARN_QUOTED_INCLUDE_IN_FRAMEWORK_HEADER = YES;
				CLANG_WARN_RANGE_LOOP_ANALYSIS = YES;
				CLANG_WARN_STRICT_PROTOTYPES = YES;
				CLANG_WARN_SUSPICIOUS_MOVE = YES;
				CLANG_WARN_UNGUARDED_AVAILABILITY = YES_AGGRESSIVE;
				CLANG_WARN_UNREACHABLE_CODE = YES;
				CLANG_WARN__DUPLICATE_METHOD_MATCH = YES;
				COPY_PHASE_STRIP = NO;
				DEBUG_INFORMATION_FORMAT = "dwarf-with-dsym";
				ENABLE_NS_ASSERTIONS = NO;
				ENABLE_STRICT_OBJC_MSGSEND = YES;
				GCC_C_LANGUAGE_STANDARD = gnu11;
				GCC_NO_COMMON_BLOCKS = YES;
				GCC_WARN_64_TO_32_BIT_CONVERSION = YES;
				GCC_WARN_ABOUT_RETURN_TYPE = YES_ERROR;
				GCC_WARN_UNDECLARED_SELECTOR = YES;
				GCC_WARN_UNINITIALIZED_AUTOS = YES_AGGRESSIVE;
				GCC_WARN_UNUSED_FUNCTION = YES;
				GCC_WARN_UNUSED_VARIABLE = YES;
				IPHONEOS_DEPLOYMENT_TARGET = 15.0;
				MTL_ENABLE_DEBUG_INFO = NO;
				MTL_FAST_MATH = YES;
				SDKROOT = iphoneos;
				SWIFT_COMPILATION_MODE = wholemodule;
				SWIFT_OPTIMIZATION_LEVEL = "-O";
				VALIDATE_PRODUCT = YES;
			};
			name = Release;
		};
		57C29EAB2707D2A3003F5E03 /* Debug */ = {
			isa = XCBuildConfiguration;
			buildSettings = {
				ASSETCATALOG_COMPILER_APPICON_NAME = AppIcon;
				ASSETCATALOG_COMPILER_GLOBAL_ACCENT_COLOR_NAME = AccentColor;
				CODE_SIGN_STYLE = Automatic;
				CURRENT_PROJECT_VERSION = 1;
				GENERATE_INFOPLIST_FILE = YES;
				INFOPLIST_FILE = JewelleryApp/Info.plist;
				INFOPLIST_KEY_UIApplicationSupportsIndirectInputEvents = YES;
				INFOPLIST_KEY_UILaunchStoryboardName = LaunchScreen;
				INFOPLIST_KEY_UIMainStoryboardFile = Main;
				INFOPLIST_KEY_UISupportedInterfaceOrientations = "UIInterfaceOrientationPortrait UIInterfaceOrientationLandscapeLeft UIInterfaceOrientationLandscapeRight";
				INFOPLIST_KEY_UISupportedInterfaceOrientations_iPad = "UIInterfaceOrientationPortrait UIInterfaceOrientationPortraitUpsideDown UIInterfaceOrientationLandscapeLeft UIInterfaceOrientationLandscapeRight";
				INFOPLIST_KEY_UISupportedInterfaceOrientations_iPhone = "UIInterfaceOrientationPortrait UIInterfaceOrientationLandscapeLeft UIInterfaceOrientationLandscapeRight";
				IPHONEOS_DEPLOYMENT_TARGET = 15.0;
				LD_RUNPATH_SEARCH_PATHS = (
					"$(inherited)",
					"@executable_path/Frameworks",
				);
				MARKETING_VERSION = 1.0;
				PRODUCT_BUNDLE_IDENTIFIER = com.rlmg.JewelleryApp;
				PRODUCT_NAME = "$(TARGET_NAME)";
				SWIFT_EMIT_LOC_STRINGS = YES;
				SWIFT_VERSION = 5.0;
				TARGETED_DEVICE_FAMILY = "1,2";
			};
			name = Debug;
		};
		57C29EAC2707D2A3003F5E03 /* Release */ = {
			isa = XCBuildConfiguration;
			buildSettings = {
				ASSETCATALOG_COMPILER_APPICON_NAME = AppIcon;
				ASSETCATALOG_COMPILER_GLOBAL_ACCENT_COLOR_NAME = AccentColor;
				CODE_SIGN_STYLE = Automatic;
				CURRENT_PROJECT_VERSION = 1;
				GENERATE_INFOPLIST_FILE = YES;
				INFOPLIST_FILE = JewelleryApp/Info.plist;
				INFOPLIST_KEY_UIApplicationSupportsIndirectInputEvents = YES;
				INFOPLIST_KEY_UILaunchStoryboardName = LaunchScreen;
				INFOPLIST_KEY_UIMainStoryboardFile = Main;
				INFOPLIST_KEY_UISupportedInterfaceOrientations = "UIInterfaceOrientationPortrait UIInterfaceOrientationLandscapeLeft UIInterfaceOrientationLandscapeRight";
				INFOPLIST_KEY_UISupportedInterfaceOrientations_iPad = "UIInterfaceOrientationPortrait UIInterfaceOrientationPortraitUpsideDown UIInterfaceOrientationLandscapeLeft UIInterfaceOrientationLandscapeRight";
				INFOPLIST_KEY_UISupportedInterfaceOrientations_iPhone = "UIInterfaceOrientationPortrait UIInterfaceOrientationLandscapeLeft UIInterfaceOrientationLandscapeRight";
				IPHONEOS_DEPLOYMENT_TARGET = 15.0;
				LD_RUNPATH_SEARCH_PATHS = (
					"$(inherited)",
					"@executable_path/Frameworks",
				);
				MARKETING_VERSION = 1.0;
				PRODUCT_BUNDLE_IDENTIFIER = com.rlmg.JewelleryApp;
				PRODUCT_NAME = "$(TARGET_NAME)";
				SWIFT_EMIT_LOC_STRINGS = YES;
				SWIFT_VERSION = 5.0;
				TARGETED_DEVICE_FAMILY = "1,2";
			};
			name = Release;
		};
/* End XCBuildConfiguration section */

/* Begin XCConfigurationList section */
		57C29E912707D29F003F5E03 /* Build configuration list for PBXProject "JewelleryApp" */ = {
			isa = XCConfigurationList;
			buildConfigurations = (
				57C29EA82707D2A3003F5E03 /* Debug */,
				57C29EA92707D2A3003F5E03 /* Release */,
			);
			defaultConfigurationIsVisible = 0;
			defaultConfigurationName = Release;
		};
		57C29EAA2707D2A3003F5E03 /* Build configuration list for PBXNativeTarget "JewelleryApp" */ = {
			isa = XCConfigurationList;
			buildConfigurations = (
				57C29EAB2707D2A3003F5E03 /* Debug */,
				57C29EAC2707D2A3003F5E03 /* Release */,
			);
			defaultConfigurationIsVisible = 0;
			defaultConfigurationName = Release;
		};
/* End XCConfigurationList section */
	};
	rootObject = 57C29E8E2707D29F003F5E03 /* Project object */;
}
