// !$*UTF8*$!
{
	archiveVersion = 1;
	classes = {
	};
	objectVersion = 50;
	objects = {

/* Begin PBXBuildFile section */
		434EFC0F21F7E329004043D3 /* AppDelegate.swift in Sources */ = {isa = PBXBuildFile; fileRef = 434EFC0E21F7E329004043D3 /* AppDelegate.swift */; };
		434EFC1121F7E329004043D3 /* ViewController.swift in Sources */ = {isa = PBXBuildFile; fileRef = 434EFC1021F7E329004043D3 /* ViewController.swift */; };
		434EFC1421F7E32A004043D3 /* Main.storyboard in Resources */ = {isa = PBXBuildFile; fileRef = 434EFC1221F7E32A004043D3 /* Main.storyboard */; };
		434EFC1621F7E32A004043D3 /* Assets.xcassets in Resources */ = {isa = PBXBuildFile; fileRef = 434EFC1521F7E32A004043D3 /* Assets.xcassets */; };
		434EFC1921F7E32A004043D3 /* LaunchScreen.storyboard in Resources */ = {isa = PBXBuildFile; fileRef = 434EFC1721F7E32A004043D3 /* LaunchScreen.storyboard */; };
		434EFC2221F7E347004043D3 /* LoginViewController.swift in Sources */ = {isa = PBXBuildFile; fileRef = 434EFC2021F7E347004043D3 /* LoginViewController.swift */; };
		434EFC2321F7E347004043D3 /* LoginViewController.xib in Resources */ = {isa = PBXBuildFile; fileRef = 434EFC2121F7E347004043D3 /* LoginViewController.xib */; };
		434EFC2621F7E3BA004043D3 /* LoggedViewController.swift in Sources */ = {isa = PBXBuildFile; fileRef = 434EFC2421F7E3BA004043D3 /* LoggedViewController.swift */; };
		434EFC2721F7E3BA004043D3 /* LoggedViewController.xib in Resources */ = {isa = PBXBuildFile; fileRef = 434EFC2521F7E3BA004043D3 /* LoggedViewController.xib */; };
		434EFC2921F7EC89004043D3 /* Onboarding.storyboard in Resources */ = {isa = PBXBuildFile; fileRef = 434EFC2821F7EC89004043D3 /* Onboarding.storyboard */; };
		434EFC2B21F7EDF0004043D3 /* OnboardingViewController.swift in Sources */ = {isa = PBXBuildFile; fileRef = 434EFC2A21F7EDF0004043D3 /* OnboardingViewController.swift */; };
/* End PBXBuildFile section */

/* Begin PBXFileReference section */
		434EFC0B21F7E329004043D3 /* Challenge.app */ = {isa = PBXFileReference; explicitFileType = wrapper.application; includeInIndex = 0; path = Challenge.app; sourceTree = BUILT_PRODUCTS_DIR; };
		434EFC0E21F7E329004043D3 /* AppDelegate.swift */ = {isa = PBXFileReference; lastKnownFileType = sourcecode.swift; path = AppDelegate.swift; sourceTree = "<group>"; };
		434EFC1021F7E329004043D3 /* ViewController.swift */ = {isa = PBXFileReference; lastKnownFileType = sourcecode.swift; path = ViewController.swift; sourceTree = "<group>"; };
		434EFC1321F7E32A004043D3 /* Base */ = {isa = PBXFileReference; lastKnownFileType = file.storyboard; name = Base; path = Base.lproj/Main.storyboard; sourceTree = "<group>"; };
		434EFC1521F7E32A004043D3 /* Assets.xcassets */ = {isa = PBXFileReference; lastKnownFileType = folder.assetcatalog; path = Assets.xcassets; sourceTree = "<group>"; };
		434EFC1821F7E32A004043D3 /* Base */ = {isa = PBXFileReference; lastKnownFileType = file.storyboard; name = Base; path = Base.lproj/LaunchScreen.storyboard; sourceTree = "<group>"; };
		434EFC1A21F7E32A004043D3 /* Info.plist */ = {isa = PBXFileReference; lastKnownFileType = text.plist.xml; path = Info.plist; sourceTree = "<group>"; };
		434EFC2021F7E347004043D3 /* LoginViewController.swift */ = {isa = PBXFileReference; lastKnownFileType = sourcecode.swift; path = LoginViewController.swift; sourceTree = "<group>"; };
		434EFC2121F7E347004043D3 /* LoginViewController.xib */ = {isa = PBXFileReference; lastKnownFileType = file.xib; path = LoginViewController.xib; sourceTree = "<group>"; };
		434EFC2421F7E3BA004043D3 /* LoggedViewController.swift */ = {isa = PBXFileReference; lastKnownFileType = sourcecode.swift; path = LoggedViewController.swift; sourceTree = "<group>"; };
		434EFC2521F7E3BA004043D3 /* LoggedViewController.xib */ = {isa = PBXFileReference; lastKnownFileType = file.xib; path = LoggedViewController.xib; sourceTree = "<group>"; };
		434EFC2821F7EC89004043D3 /* Onboarding.storyboard */ = {isa = PBXFileReference; lastKnownFileType = file.storyboard; path = Onboarding.storyboard; sourceTree = "<group>"; };
		434EFC2A21F7EDF0004043D3 /* OnboardingViewController.swift */ = {isa = PBXFileReference; lastKnownFileType = sourcecode.swift; path = OnboardingViewController.swift; sourceTree = "<group>"; };
/* End PBXFileReference section */

/* Begin PBXFrameworksBuildPhase section */
		434EFC0821F7E329004043D3 /* Frameworks */ = {
			isa = PBXFrameworksBuildPhase;
			buildActionMask = 2147483647;
			files = (
			);
			runOnlyForDeploymentPostprocessing = 0;
		};
/* End PBXFrameworksBuildPhase section */

/* Begin PBXGroup section */
		434EFC0221F7E329004043D3 = {
			isa = PBXGroup;
			children = (
				434EFC0D21F7E329004043D3 /* Challenge */,
				434EFC0C21F7E329004043D3 /* Products */,
			);
			sourceTree = "<group>";
		};
		434EFC0C21F7E329004043D3 /* Products */ = {
			isa = PBXGroup;
			children = (
				434EFC0B21F7E329004043D3 /* Challenge.app */,
			);
			name = Products;
			sourceTree = "<group>";
		};
		434EFC0D21F7E329004043D3 /* Challenge */ = {
			isa = PBXGroup;
			children = (
				434EFC0E21F7E329004043D3 /* AppDelegate.swift */,
				434EFC1021F7E329004043D3 /* ViewController.swift */,
				434EFC1221F7E32A004043D3 /* Main.storyboard */,
				434EFC1521F7E32A004043D3 /* Assets.xcassets */,
				434EFC1721F7E32A004043D3 /* LaunchScreen.storyboard */,
				434EFC1A21F7E32A004043D3 /* Info.plist */,
				434EFC2021F7E347004043D3 /* LoginViewController.swift */,
				434EFC2121F7E347004043D3 /* LoginViewController.xib */,
				434EFC2421F7E3BA004043D3 /* LoggedViewController.swift */,
				434EFC2521F7E3BA004043D3 /* LoggedViewController.xib */,
				434EFC2821F7EC89004043D3 /* Onboarding.storyboard */,
				434EFC2A21F7EDF0004043D3 /* OnboardingViewController.swift */,
			);
			path = Challenge;
			sourceTree = "<group>";
		};
/* End PBXGroup section */

/* Begin PBXNativeTarget section */
		434EFC0A21F7E329004043D3 /* Challenge */ = {
			isa = PBXNativeTarget;
			buildConfigurationList = 434EFC1D21F7E32A004043D3 /* Build configuration list for PBXNativeTarget "Challenge" */;
			buildPhases = (
				434EFC0721F7E329004043D3 /* Sources */,
				434EFC0821F7E329004043D3 /* Frameworks */,
				434EFC0921F7E329004043D3 /* Resources */,
			);
			buildRules = (
			);
			dependencies = (
			);
			name = Challenge;
			productName = Challenge;
			productReference = 434EFC0B21F7E329004043D3 /* Challenge.app */;
			productType = "com.apple.product-type.application";
		};
/* End PBXNativeTarget section */

/* Begin PBXProject section */
		434EFC0321F7E329004043D3 /* Project object */ = {
			isa = PBXProject;
			attributes = {
				LastSwiftUpdateCheck = 1010;
				LastUpgradeCheck = 1010;
				ORGANIZATIONNAME = Rafael;
				TargetAttributes = {
					434EFC0A21F7E329004043D3 = {
						CreatedOnToolsVersion = 10.1;
					};
				};
			};
			buildConfigurationList = 434EFC0621F7E329004043D3 /* Build configuration list for PBXProject "Challenge" */;
			compatibilityVersion = "Xcode 9.3";
			developmentRegion = en;
			hasScannedForEncodings = 0;
			knownRegions = (
				en,
				Base,
			);
			mainGroup = 434EFC0221F7E329004043D3;
			productRefGroup = 434EFC0C21F7E329004043D3 /* Products */;
			projectDirPath = "";
			projectRoot = "";
			targets = (
				434EFC0A21F7E329004043D3 /* Challenge */,
			);
		};
/* End PBXProject section */

/* Begin PBXResourcesBuildPhase section */
		434EFC0921F7E329004043D3 /* Resources */ = {
			isa = PBXResourcesBuildPhase;
			buildActionMask = 2147483647;
			files = (
				434EFC2721F7E3BA004043D3 /* LoggedViewController.xib in Resources */,
				434EFC2321F7E347004043D3 /* LoginViewController.xib in Resources */,
				434EFC1921F7E32A004043D3 /* LaunchScreen.storyboard in Resources */,
				434EFC2921F7EC89004043D3 /* Onboarding.storyboard in Resources */,
				434EFC1621F7E32A004043D3 /* Assets.xcassets in Resources */,
				434EFC1421F7E32A004043D3 /* Main.storyboard in Resources */,
			);
			runOnlyForDeploymentPostprocessing = 0;
		};
/* End PBXResourcesBuildPhase section */

/* Begin PBXSourcesBuildPhase section */
		434EFC0721F7E329004043D3 /* Sources */ = {
			isa = PBXSourcesBuildPhase;
			buildActionMask = 2147483647;
			files = (
				434EFC2221F7E347004043D3 /* LoginViewController.swift in Sources */,
				434EFC1121F7E329004043D3 /* ViewController.swift in Sources */,
				434EFC2B21F7EDF0004043D3 /* OnboardingViewController.swift in Sources */,
				434EFC2621F7E3BA004043D3 /* LoggedViewController.swift in Sources */,
				434EFC0F21F7E329004043D3 /* AppDelegate.swift in Sources */,
			);
			runOnlyForDeploymentPostprocessing = 0;
		};
/* End PBXSourcesBuildPhase section */

/* Begin PBXVariantGroup section */
		434EFC1221F7E32A004043D3 /* Main.storyboard */ = {
			isa = PBXVariantGroup;
			children = (
				434EFC1321F7E32A004043D3 /* Base */,
			);
			name = Main.storyboard;
			sourceTree = "<group>";
		};
		434EFC1721F7E32A004043D3 /* LaunchScreen.storyboard */ = {
			isa = PBXVariantGroup;
			children = (
				434EFC1821F7E32A004043D3 /* Base */,
			);
			name = LaunchScreen.storyboard;
			sourceTree = "<group>";
		};
/* End PBXVariantGroup section */

/* Begin XCBuildConfiguration section */
		434EFC1B21F7E32A004043D3 /* Debug */ = {
			isa = XCBuildConfiguration;
			buildSettings = {
				ALWAYS_SEARCH_USER_PATHS = NO;
				CLANG_ANALYZER_NONNULL = YES;
				CLANG_ANALYZER_NUMBER_OBJECT_CONVERSION = YES_AGGRESSIVE;
				CLANG_CXX_LANGUAGE_STANDARD = "gnu++14";
				CLANG_CXX_LIBRARY = "libc++";
				CLANG_ENABLE_MODULES = YES;
				CLANG_ENABLE_OBJC_ARC = YES;
				CLANG_ENABLE_OBJC_WEAK = YES;
				CLANG_WARN_BLOCK_CAPTURE_AUTORELEASING = YES;
				CLANG_WARN_BOOL_CONVERSION = YES;
				CLANG_WARN_COMMA = YES;
				CLANG_WARN_CONSTANT_CONVERSION = YES;
				CLANG_WARN_DEPRECATED_OBJC_IMPLEMENTATIONS = YES;
				CLANG_WARN_DIRECT_OBJC_ISA_USAGE = YES_ERROR;
				CLANG_WARN_DOCUMENTATION_COMMENTS = YES;
				CLANG_WARN_EMPTY_BODY = YES;
				CLANG_WARN_ENUM_CONVERSION = YES;
				CLANG_WARN_INFINITE_RECURSION = YES;
				CLANG_WARN_INT_CONVERSION = YES;
				CLANG_WARN_NON_LITERAL_NULL_CONVERSION = YES;
				CLANG_WARN_OBJC_IMPLICIT_RETAIN_SELF = YES;
				CLANG_WARN_OBJC_LITERAL_CONVERSION = YES;
				CLANG_WARN_OBJC_ROOT_CLASS = YES_ERROR;
				CLANG_WARN_RANGE_LOOP_ANALYSIS = YES;
				CLANG_WARN_STRICT_PROTOTYPES = YES;
				CLANG_WARN_SUSPICIOUS_MOVE = YES;
				CLANG_WARN_UNGUARDED_AVAILABILITY = YES_AGGRESSIVE;
				CLANG_WARN_UNREACHABLE_CODE = YES;
				CLANG_WARN__DUPLICATE_METHOD_MATCH = YES;
				CODE_SIGN_IDENTITY = "iPhone Developer";
				COPY_PHASE_STRIP = NO;
				DEBUG_INFORMATION_FORMAT = dwarf;
				ENABLE_STRICT_OBJC_MSGSEND = YES;
				ENABLE_TESTABILITY = YES;
				GCC_C_LANGUAGE_STANDARD = gnu11;
				GCC_DYNAMIC_NO_PIC = NO;
				GCC_NO_COMMON_BLOCKS = YES;
				GCC_OPTIMIZATION_LEVEL = 0;
				GCC_PREPROCESSOR_DEFINITIONS = (
					"DEBUG=1",
					"$(inherited)",
				);
				GCC_WARN_64_TO_32_BIT_CONVERSION = YES;
				GCC_WARN_ABOUT_RETURN_TYPE = YES_ERROR;
				GCC_WARN_UNDECLARED_SELECTOR = YES;
				GCC_WARN_UNINITIALIZED_AUTOS = YES_AGGRESSIVE;
				GCC_WARN_UNUSED_FUNCTION = YES;
				GCC_WARN_UNUSED_VARIABLE = YES;
				IPHONEOS_DEPLOYMENT_TARGET = 12.1;
				MTL_ENABLE_DEBUG_INFO = INCLUDE_SOURCE;
				MTL_FAST_MATH = YES;
				ONLY_ACTIVE_ARCH = YES;
				SDKROOT = iphoneos;
				SWIFT_ACTIVE_COMPILATION_CONDITIONS = DEBUG;
				SWIFT_OPTIMIZATION_LEVEL = "-Onone";
			};
			name = Debug;
		};
		434EFC1C21F7E32A004043D3 /* Release */ = {
			isa = XCBuildConfiguration;
			buildSettings = {
				ALWAYS_SEARCH_USER_PATHS = NO;
				CLANG_ANALYZER_NONNULL = YES;
				CLANG_ANALYZER_NUMBER_OBJECT_CONVERSION = YES_AGGRESSIVE;
				CLANG_CXX_LANGUAGE_STANDARD = "gnu++14";
				CLANG_CXX_LIBRARY = "libc++";
				CLANG_ENABLE_MODULES = YES;
				CLANG_ENABLE_OBJC_ARC = YES;
				CLANG_ENABLE_OBJC_WEAK = YES;
				CLANG_WARN_BLOCK_CAPTURE_AUTORELEASING = YES;
				CLANG_WARN_BOOL_CONVERSION = YES;
				CLANG_WARN_COMMA = YES;
				CLANG_WARN_CONSTANT_CONVERSION = YES;
				CLANG_WARN_DEPRECATED_OBJC_IMPLEMENTATIONS = YES;
				CLANG_WARN_DIRECT_OBJC_ISA_USAGE = YES_ERROR;
				CLANG_WARN_DOCUMENTATION_COMMENTS = YES;
				CLANG_WARN_EMPTY_BODY = YES;
				CLANG_WARN_ENUM_CONVERSION = YES;
				CLANG_WARN_INFINITE_RECURSION = YES;
				CLANG_WARN_INT_CONVERSION = YES;
				CLANG_WARN_NON_LITERAL_NULL_CONVERSION = YES;
				CLANG_WARN_OBJC_IMPLICIT_RETAIN_SELF = YES;
				CLANG_WARN_OBJC_LITERAL_CONVERSION = YES;
				CLANG_WARN_OBJC_ROOT_CLASS = YES_ERROR;
				CLANG_WARN_RANGE_LOOP_ANALYSIS = YES;
				CLANG_WARN_STRICT_PROTOTYPES = YES;
				CLANG_WARN_SUSPICIOUS_MOVE = YES;
				CLANG_WARN_UNGUARDED_AVAILABILITY = YES_AGGRESSIVE;
				CLANG_WARN_UNREACHABLE_CODE = YES;
				CLANG_WARN__DUPLICATE_METHOD_MATCH = YES;
				CODE_SIGN_IDENTITY = "iPhone Developer";
				COPY_PHASE_STRIP = NO;
				DEBUG_INFORMATION_FORMAT = "dwarf-with-dsym";
				ENABLE_NS_ASSERTIONS = NO;
				ENABLE_STRICT_OBJC_MSGSEND = YES;
				GCC_C_LANGUAGE_STANDARD = gnu11;
				GCC_NO_COMMON_BLOCKS = YES;
				GCC_WARN_64_TO_32_BIT_CONVERSION = YES;
				GCC_WARN_ABOUT_RETURN_TYPE = YES_ERROR;
				GCC_WARN_UNDECLARED_SELECTOR = YES;
				GCC_WARN_UNINITIALIZED_AUTOS = YES_AGGRESSIVE;
				GCC_WARN_UNUSED_FUNCTION = YES;
				GCC_WARN_UNUSED_VARIABLE = YES;
				IPHONEOS_DEPLOYMENT_TARGET = 12.1;
				MTL_ENABLE_DEBUG_INFO = NO;
				MTL_FAST_MATH = YES;
				SDKROOT = iphoneos;
				SWIFT_COMPILATION_MODE = wholemodule;
				SWIFT_OPTIMIZATION_LEVEL = "-O";
				VALIDATE_PRODUCT = YES;
			};
			name = Release;
		};
		434EFC1E21F7E32A004043D3 /* Debug */ = {
			isa = XCBuildConfiguration;
			buildSettings = {
				ASSETCATALOG_COMPILER_APPICON_NAME = AppIcon;
				CODE_SIGN_STYLE = Automatic;
				DEVELOPMENT_TEAM = V392CUH44A;
				INFOPLIST_FILE = Challenge/Info.plist;
				LD_RUNPATH_SEARCH_PATHS = (
					"$(inherited)",
					"@executable_path/Frameworks",
				);
				PRODUCT_BUNDLE_IDENTIFIER = com.rlmg.Challenge;
				PRODUCT_NAME = "$(TARGET_NAME)";
				SWIFT_VERSION = 4.2;
				TARGETED_DEVICE_FAMILY = "1,2";
			};
			name = Debug;
		};
		434EFC1F21F7E32A004043D3 /* Release */ = {
			isa = XCBuildConfiguration;
			buildSettings = {
				ASSETCATALOG_COMPILER_APPICON_NAME = AppIcon;
				CODE_SIGN_STYLE = Automatic;
				DEVELOPMENT_TEAM = V392CUH44A;
				INFOPLIST_FILE = Challenge/Info.plist;
				LD_RUNPATH_SEARCH_PATHS = (
					"$(inherited)",
					"@executable_path/Frameworks",
				);
				PRODUCT_BUNDLE_IDENTIFIER = com.rlmg.Challenge;
				PRODUCT_NAME = "$(TARGET_NAME)";
				SWIFT_VERSION = 4.2;
				TARGETED_DEVICE_FAMILY = "1,2";
			};
			name = Release;
		};
/* End XCBuildConfiguration section */

/* Begin XCConfigurationList section */
		434EFC0621F7E329004043D3 /* Build configuration list for PBXProject "Challenge" */ = {
			isa = XCConfigurationList;
			buildConfigurations = (
				434EFC1B21F7E32A004043D3 /* Debug */,
				434EFC1C21F7E32A004043D3 /* Release */,
			);
			defaultConfigurationIsVisible = 0;
			defaultConfigurationName = Release;
		};
		434EFC1D21F7E32A004043D3 /* Build configuration list for PBXNativeTarget "Challenge" */ = {
			isa = XCConfigurationList;
			buildConfigurations = (
				434EFC1E21F7E32A004043D3 /* Debug */,
				434EFC1F21F7E32A004043D3 /* Release */,
			);
			defaultConfigurationIsVisible = 0;
			defaultConfigurationName = Release;
		};
/* End XCConfigurationList section */
	};
	rootObject = 434EFC0321F7E329004043D3 /* Project object */;
}
