// !$*UTF8*$!
{
	archiveVersion = 1;
	classes = {
	};
	objectVersion = 50;
	objects = {

/* Begin PBXBuildFile section */
		5719C38726F66657003DB583 /* OnboardingViewController.swift in Sources */ = {isa = PBXBuildFile; fileRef = 5719C38626F66657003DB583 /* OnboardingViewController.swift */; };
		5719C38926F6813B003DB583 /* HomeViewCodeViewController.swift in Sources */ = {isa = PBXBuildFile; fileRef = 5719C38826F6813B003DB583 /* HomeViewCodeViewController.swift */; };
		5747FA2726F5532600AAB8B2 /* AppDelegate.swift in Sources */ = {isa = PBXBuildFile; fileRef = 5747FA2626F5532600AAB8B2 /* AppDelegate.swift */; };
		5747FA2926F5532600AAB8B2 /* SceneDelegate.swift in Sources */ = {isa = PBXBuildFile; fileRef = 5747FA2826F5532600AAB8B2 /* SceneDelegate.swift */; };
		5747FA2B26F5532600AAB8B2 /* LoginViewController.swift in Sources */ = {isa = PBXBuildFile; fileRef = 5747FA2A26F5532600AAB8B2 /* LoginViewController.swift */; };
		5747FA3026F5532800AAB8B2 /* Assets.xcassets in Resources */ = {isa = PBXBuildFile; fileRef = 5747FA2F26F5532800AAB8B2 /* Assets.xcassets */; };
		5747FA3326F5532800AAB8B2 /* LaunchScreen.storyboard in Resources */ = {isa = PBXBuildFile; fileRef = 5747FA3126F5532800AAB8B2 /* LaunchScreen.storyboard */; };
		5747FA3A26F5559F00AAB8B2 /* Main.storyboard in Resources */ = {isa = PBXBuildFile; fileRef = 5747FA2C26F5532600AAB8B2 /* Main.storyboard */; };
		5747FA3C26F5607E00AAB8B2 /* Segues.swift in Sources */ = {isa = PBXBuildFile; fileRef = 5747FA3B26F5607E00AAB8B2 /* Segues.swift */; };
		5747FA3E26F561E700AAB8B2 /* HomeViewController.swift in Sources */ = {isa = PBXBuildFile; fileRef = 5747FA3D26F561E700AAB8B2 /* HomeViewController.swift */; };
		5747FA4026F61AAA00AAB8B2 /* HomeXIBViewController.xib in Resources */ = {isa = PBXBuildFile; fileRef = 5747FA3F26F61AAA00AAB8B2 /* HomeXIBViewController.xib */; };
		5747FA4226F6209500AAB8B2 /* LoginXIBViewController.xib in Resources */ = {isa = PBXBuildFile; fileRef = 5747FA4126F6209500AAB8B2 /* LoginXIBViewController.xib */; };
		5747FA4826F65B7500AAB8B2 /* Onboarding.storyboard in Resources */ = {isa = PBXBuildFile; fileRef = 5747FA4726F65B7500AAB8B2 /* Onboarding.storyboard */; };
		57B9B1252707C3BA00C7354F /* AppCoordinator.swift in Sources */ = {isa = PBXBuildFile; fileRef = 57B9B1242707C3BA00C7354F /* AppCoordinator.swift */; };
/* End PBXBuildFile section */

/* Begin PBXFileReference section */
		5719C38626F66657003DB583 /* OnboardingViewController.swift */ = {isa = PBXFileReference; lastKnownFileType = sourcecode.swift; path = OnboardingViewController.swift; sourceTree = "<group>"; };
		5719C38826F6813B003DB583 /* HomeViewCodeViewController.swift */ = {isa = PBXFileReference; lastKnownFileType = sourcecode.swift; path = HomeViewCodeViewController.swift; sourceTree = "<group>"; };
		5747FA2326F5532600AAB8B2 /* Login.app */ = {isa = PBXFileReference; explicitFileType = wrapper.application; includeInIndex = 0; path = Login.app; sourceTree = BUILT_PRODUCTS_DIR; };
		5747FA2626F5532600AAB8B2 /* AppDelegate.swift */ = {isa = PBXFileReference; lastKnownFileType = sourcecode.swift; path = AppDelegate.swift; sourceTree = "<group>"; };
		5747FA2826F5532600AAB8B2 /* SceneDelegate.swift */ = {isa = PBXFileReference; lastKnownFileType = sourcecode.swift; path = SceneDelegate.swift; sourceTree = "<group>"; };
		5747FA2A26F5532600AAB8B2 /* LoginViewController.swift */ = {isa = PBXFileReference; lastKnownFileType = sourcecode.swift; path = LoginViewController.swift; sourceTree = "<group>"; };
		5747FA2D26F5532600AAB8B2 /* Base */ = {isa = PBXFileReference; lastKnownFileType = file.storyboard; name = Base; path = Base.lproj/Main.storyboard; sourceTree = "<group>"; };
		5747FA2F26F5532800AAB8B2 /* Assets.xcassets */ = {isa = PBXFileReference; lastKnownFileType = folder.assetcatalog; path = Assets.xcassets; sourceTree = "<group>"; };
		5747FA3226F5532800AAB8B2 /* Base */ = {isa = PBXFileReference; lastKnownFileType = file.storyboard; name = Base; path = Base.lproj/LaunchScreen.storyboard; sourceTree = "<group>"; };
		5747FA3426F5532800AAB8B2 /* Info.plist */ = {isa = PBXFileReference; lastKnownFileType = text.plist.xml; path = Info.plist; sourceTree = "<group>"; };
		5747FA3B26F5607E00AAB8B2 /* Segues.swift */ = {isa = PBXFileReference; lastKnownFileType = sourcecode.swift; path = Segues.swift; sourceTree = "<group>"; };
		5747FA3D26F561E700AAB8B2 /* HomeViewController.swift */ = {isa = PBXFileReference; lastKnownFileType = sourcecode.swift; path = HomeViewController.swift; sourceTree = "<group>"; };
		5747FA3F26F61AAA00AAB8B2 /* HomeXIBViewController.xib */ = {isa = PBXFileReference; lastKnownFileType = file.xib; path = HomeXIBViewController.xib; sourceTree = "<group>"; };
		5747FA4126F6209500AAB8B2 /* LoginXIBViewController.xib */ = {isa = PBXFileReference; lastKnownFileType = file.xib; path = LoginXIBViewController.xib; sourceTree = "<group>"; };
		5747FA4726F65B7500AAB8B2 /* Onboarding.storyboard */ = {isa = PBXFileReference; lastKnownFileType = file.storyboard; path = Onboarding.storyboard; sourceTree = "<group>"; };
		57B9B1242707C3BA00C7354F /* AppCoordinator.swift */ = {isa = PBXFileReference; lastKnownFileType = sourcecode.swift; path = AppCoordinator.swift; sourceTree = "<group>"; };
/* End PBXFileReference section */

/* Begin PBXFrameworksBuildPhase section */
		5747FA2026F5532500AAB8B2 /* Frameworks */ = {
			isa = PBXFrameworksBuildPhase;
			buildActionMask = 2147483647;
			files = (
			);
			runOnlyForDeploymentPostprocessing = 0;
		};
/* End PBXFrameworksBuildPhase section */

/* Begin PBXGroup section */
		5747FA1A26F5532500AAB8B2 = {
			isa = PBXGroup;
			children = (
				5747FA2526F5532600AAB8B2 /* Login */,
				5747FA2426F5532600AAB8B2 /* Products */,
			);
			sourceTree = "<group>";
		};
		5747FA2426F5532600AAB8B2 /* Products */ = {
			isa = PBXGroup;
			children = (
				5747FA2326F5532600AAB8B2 /* Login.app */,
			);
			name = Products;
			sourceTree = "<group>";
		};
		5747FA2526F5532600AAB8B2 /* Login */ = {
			isa = PBXGroup;
			children = (
				5747FA4326F65B2700AAB8B2 /* Features */,
				5747FA2626F5532600AAB8B2 /* AppDelegate.swift */,
				5747FA2826F5532600AAB8B2 /* SceneDelegate.swift */,
				57B9B1242707C3BA00C7354F /* AppCoordinator.swift */,
				5747FA2C26F5532600AAB8B2 /* Main.storyboard */,
				5747FA2F26F5532800AAB8B2 /* Assets.xcassets */,
				5747FA3126F5532800AAB8B2 /* LaunchScreen.storyboard */,
				5747FA3426F5532800AAB8B2 /* Info.plist */,
				5747FA3B26F5607E00AAB8B2 /* Segues.swift */,
			);
			path = Login;
			sourceTree = "<group>";
		};
		5747FA4326F65B2700AAB8B2 /* Features */ = {
			isa = PBXGroup;
			children = (
				5747FA4626F65B3C00AAB8B2 /* Onboarding */,
				5747FA4526F65B3800AAB8B2 /* Home */,
				5747FA4426F65B3100AAB8B2 /* Login */,
			);
			path = Features;
			sourceTree = "<group>";
		};
		5747FA4426F65B3100AAB8B2 /* Login */ = {
			isa = PBXGroup;
			children = (
				5747FA4126F6209500AAB8B2 /* LoginXIBViewController.xib */,
				5747FA2A26F5532600AAB8B2 /* LoginViewController.swift */,
			);
			path = Login;
			sourceTree = "<group>";
		};
		5747FA4526F65B3800AAB8B2 /* Home */ = {
			isa = PBXGroup;
			children = (
				5747FA3D26F561E700AAB8B2 /* HomeViewController.swift */,
				5747FA3F26F61AAA00AAB8B2 /* HomeXIBViewController.xib */,
				5719C38826F6813B003DB583 /* HomeViewCodeViewController.swift */,
			);
			path = Home;
			sourceTree = "<group>";
		};
		5747FA4626F65B3C00AAB8B2 /* Onboarding */ = {
			isa = PBXGroup;
			children = (
				5747FA4726F65B7500AAB8B2 /* Onboarding.storyboard */,
				5719C38626F66657003DB583 /* OnboardingViewController.swift */,
			);
			path = Onboarding;
			sourceTree = "<group>";
		};
/* End PBXGroup section */

/* Begin PBXNativeTarget section */
		5747FA2226F5532500AAB8B2 /* Login */ = {
			isa = PBXNativeTarget;
			buildConfigurationList = 5747FA3726F5532800AAB8B2 /* Build configuration list for PBXNativeTarget "Login" */;
			buildPhases = (
				5747FA1F26F5532500AAB8B2 /* Sources */,
				5747FA2026F5532500AAB8B2 /* Frameworks */,
				5747FA2126F5532500AAB8B2 /* Resources */,
			);
			buildRules = (
			);
			dependencies = (
			);
			name = Login;
			productName = Login;
			productReference = 5747FA2326F5532600AAB8B2 /* Login.app */;
			productType = "com.apple.product-type.application";
		};
/* End PBXNativeTarget section */

/* Begin PBXProject section */
		5747FA1B26F5532500AAB8B2 /* Project object */ = {
			isa = PBXProject;
			attributes = {
				LastSwiftUpdateCheck = 1120;
				LastUpgradeCheck = 1120;
				ORGANIZATIONNAME = "Rafael Lucena";
				TargetAttributes = {
					5747FA2226F5532500AAB8B2 = {
						CreatedOnToolsVersion = 11.2;
					};
				};
			};
			buildConfigurationList = 5747FA1E26F5532500AAB8B2 /* Build configuration list for PBXProject "Login" */;
			compatibilityVersion = "Xcode 9.3";
			developmentRegion = en;
			hasScannedForEncodings = 0;
			knownRegions = (
				en,
				Base,
			);
			mainGroup = 5747FA1A26F5532500AAB8B2;
			productRefGroup = 5747FA2426F5532600AAB8B2 /* Products */;
			projectDirPath = "";
			projectRoot = "";
			targets = (
				5747FA2226F5532500AAB8B2 /* Login */,
			);
		};
/* End PBXProject section */

/* Begin PBXResourcesBuildPhase section */
		5747FA2126F5532500AAB8B2 /* Resources */ = {
			isa = PBXResourcesBuildPhase;
			buildActionMask = 2147483647;
			files = (
				5747FA3A26F5559F00AAB8B2 /* Main.storyboard in Resources */,
				5747FA4026F61AAA00AAB8B2 /* HomeXIBViewController.xib in Resources */,
				5747FA3326F5532800AAB8B2 /* LaunchScreen.storyboard in Resources */,
				5747FA4826F65B7500AAB8B2 /* Onboarding.storyboard in Resources */,
				5747FA4226F6209500AAB8B2 /* LoginXIBViewController.xib in Resources */,
				5747FA3026F5532800AAB8B2 /* Assets.xcassets in Resources */,
			);
			runOnlyForDeploymentPostprocessing = 0;
		};
/* End PBXResourcesBuildPhase section */

/* Begin PBXSourcesBuildPhase section */
		5747FA1F26F5532500AAB8B2 /* Sources */ = {
			isa = PBXSourcesBuildPhase;
			buildActionMask = 2147483647;
			files = (
				5719C38926F6813B003DB583 /* HomeViewCodeViewController.swift in Sources */,
				5747FA3E26F561E700AAB8B2 /* HomeViewController.swift in Sources */,
				5719C38726F66657003DB583 /* OnboardingViewController.swift in Sources */,
				5747FA2B26F5532600AAB8B2 /* LoginViewController.swift in Sources */,
				57B9B1252707C3BA00C7354F /* AppCoordinator.swift in Sources */,
				5747FA2726F5532600AAB8B2 /* AppDelegate.swift in Sources */,
				5747FA2926F5532600AAB8B2 /* SceneDelegate.swift in Sources */,
				5747FA3C26F5607E00AAB8B2 /* Segues.swift in Sources */,
			);
			runOnlyForDeploymentPostprocessing = 0;
		};
/* End PBXSourcesBuildPhase section */

/* Begin PBXVariantGroup section */
		5747FA2C26F5532600AAB8B2 /* Main.storyboard */ = {
			isa = PBXVariantGroup;
			children = (
				5747FA2D26F5532600AAB8B2 /* Base */,
			);
			name = Main.storyboard;
			sourceTree = "<group>";
		};
		5747FA3126F5532800AAB8B2 /* LaunchScreen.storyboard */ = {
			isa = PBXVariantGroup;
			children = (
				5747FA3226F5532800AAB8B2 /* Base */,
			);
			name = LaunchScreen.storyboard;
			sourceTree = "<group>";
		};
/* End PBXVariantGroup section */

/* Begin XCBuildConfiguration section */
		5747FA3526F5532800AAB8B2 /* Debug */ = {
			isa = XCBuildConfiguration;
			buildSettings = {
				ALWAYS_SEARCH_USER_PATHS = NO;
				CLANG_ANALYZER_NONNULL = YES;
				CLANG_ANALYZER_NUMBER_OBJECT_CONVERSION = YES_AGGRESSIVE;
				CLANG_CXX_LANGUAGE_STANDARD = "gnu++14";
				CLANG_CXX_LIBRARY = "libc++";
				CLANG_ENABLE_MODULES = YES;
				CLANG_ENABLE_OBJC_ARC = YES;
				CLANG_ENABLE_OBJC_WEAK = YES;
				CLANG_WARN_BLOCK_CAPTURE_AUTORELEASING = YES;
				CLANG_WARN_BOOL_CONVERSION = YES;
				CLANG_WARN_COMMA = YES;
				CLANG_WARN_CONSTANT_CONVERSION = YES;
				CLANG_WARN_DEPRECATED_OBJC_IMPLEMENTATIONS = YES;
				CLANG_WARN_DIRECT_OBJC_ISA_USAGE = YES_ERROR;
				CLANG_WARN_DOCUMENTATION_COMMENTS = YES;
				CLANG_WARN_EMPTY_BODY = YES;
				CLANG_WARN_ENUM_CONVERSION = YES;
				CLANG_WARN_INFINITE_RECURSION = YES;
				CLANG_WARN_INT_CONVERSION = YES;
				CLANG_WARN_NON_LITERAL_NULL_CONVERSION = YES;
				CLANG_WARN_OBJC_IMPLICIT_RETAIN_SELF = YES;
				CLANG_WARN_OBJC_LITERAL_CONVERSION = YES;
				CLANG_WARN_OBJC_ROOT_CLASS = YES_ERROR;
				CLANG_WARN_RANGE_LOOP_ANALYSIS = YES;
				CLANG_WARN_STRICT_PROTOTYPES = YES;
				CLANG_WARN_SUSPICIOUS_MOVE = YES;
				CLANG_WARN_UNGUARDED_AVAILABILITY = YES_AGGRESSIVE;
				CLANG_WARN_UNREACHABLE_CODE = YES;
				CLANG_WARN__DUPLICATE_METHOD_MATCH = YES;
				COPY_PHASE_STRIP = NO;
				DEBUG_INFORMATION_FORMAT = dwarf;
				ENABLE_STRICT_OBJC_MSGSEND = YES;
				ENABLE_TESTABILITY = YES;
				GCC_C_LANGUAGE_STANDARD = gnu11;
				GCC_DYNAMIC_NO_PIC = NO;
				GCC_NO_COMMON_BLOCKS = YES;
				GCC_OPTIMIZATION_LEVEL = 0;
				GCC_PREPROCESSOR_DEFINITIONS = (
					"DEBUG=1",
					"$(inherited)",
				);
				GCC_WARN_64_TO_32_BIT_CONVERSION = YES;
				GCC_WARN_ABOUT_RETURN_TYPE = YES_ERROR;
				GCC_WARN_UNDECLARED_SELECTOR = YES;
				GCC_WARN_UNINITIALIZED_AUTOS = YES_AGGRESSIVE;
				GCC_WARN_UNUSED_FUNCTION = YES;
				GCC_WARN_UNUSED_VARIABLE = YES;
				IPHONEOS_DEPLOYMENT_TARGET = 13.2;
				MTL_ENABLE_DEBUG_INFO = INCLUDE_SOURCE;
				MTL_FAST_MATH = YES;
				ONLY_ACTIVE_ARCH = YES;
				SDKROOT = iphoneos;
				SWIFT_ACTIVE_COMPILATION_CONDITIONS = DEBUG;
				SWIFT_OPTIMIZATION_LEVEL = "-Onone";
			};
			name = Debug;
		};
		5747FA3626F5532800AAB8B2 /* Release */ = {
			isa = XCBuildConfiguration;
			buildSettings = {
				ALWAYS_SEARCH_USER_PATHS = NO;
				CLANG_ANALYZER_NONNULL = YES;
				CLANG_ANALYZER_NUMBER_OBJECT_CONVERSION = YES_AGGRESSIVE;
				CLANG_CXX_LANGUAGE_STANDARD = "gnu++14";
				CLANG_CXX_LIBRARY = "libc++";
				CLANG_ENABLE_MODULES = YES;
				CLANG_ENABLE_OBJC_ARC = YES;
				CLANG_ENABLE_OBJC_WEAK = YES;
				CLANG_WARN_BLOCK_CAPTURE_AUTORELEASING = YES;
				CLANG_WARN_BOOL_CONVERSION = YES;
				CLANG_WARN_COMMA = YES;
				CLANG_WARN_CONSTANT_CONVERSION = YES;
				CLANG_WARN_DEPRECATED_OBJC_IMPLEMENTATIONS = YES;
				CLANG_WARN_DIRECT_OBJC_ISA_USAGE = YES_ERROR;
				CLANG_WARN_DOCUMENTATION_COMMENTS = YES;
				CLANG_WARN_EMPTY_BODY = YES;
				CLANG_WARN_ENUM_CONVERSION = YES;
				CLANG_WARN_INFINITE_RECURSION = YES;
				CLANG_WARN_INT_CONVERSION = YES;
				CLANG_WARN_NON_LITERAL_NULL_CONVERSION = YES;
				CLANG_WARN_OBJC_IMPLICIT_RETAIN_SELF = YES;
				CLANG_WARN_OBJC_LITERAL_CONVERSION = YES;
				CLANG_WARN_OBJC_ROOT_CLASS = YES_ERROR;
				CLANG_WARN_RANGE_LOOP_ANALYSIS = YES;
				CLANG_WARN_STRICT_PROTOTYPES = YES;
				CLANG_WARN_SUSPICIOUS_MOVE = YES;
				CLANG_WARN_UNGUARDED_AVAILABILITY = YES_AGGRESSIVE;
				CLANG_WARN_UNREACHABLE_CODE = YES;
				CLANG_WARN__DUPLICATE_METHOD_MATCH = YES;
				COPY_PHASE_STRIP = NO;
				DEBUG_INFORMATION_FORMAT = "dwarf-with-dsym";
				ENABLE_NS_ASSERTIONS = NO;
				ENABLE_STRICT_OBJC_MSGSEND = YES;
				GCC_C_LANGUAGE_STANDARD = gnu11;
				GCC_NO_COMMON_BLOCKS = YES;
				GCC_WARN_64_TO_32_BIT_CONVERSION = YES;
				GCC_WARN_ABOUT_RETURN_TYPE = YES_ERROR;
				GCC_WARN_UNDECLARED_SELECTOR = YES;
				GCC_WARN_UNINITIALIZED_AUTOS = YES_AGGRESSIVE;
				GCC_WARN_UNUSED_FUNCTION = YES;
				GCC_WARN_UNUSED_VARIABLE = YES;
				IPHONEOS_DEPLOYMENT_TARGET = 13.2;
				MTL_ENABLE_DEBUG_INFO = NO;
				MTL_FAST_MATH = YES;
				SDKROOT = iphoneos;
				SWIFT_COMPILATION_MODE = wholemodule;
				SWIFT_OPTIMIZATION_LEVEL = "-O";
				VALIDATE_PRODUCT = YES;
			};
			name = Release;
		};
		5747FA3826F5532800AAB8B2 /* Debug */ = {
			isa = XCBuildConfiguration;
			buildSettings = {
				ASSETCATALOG_COMPILER_APPICON_NAME = AppIcon;
				CODE_SIGN_STYLE = Automatic;
				INFOPLIST_FILE = Login/Info.plist;
				IPHONEOS_DEPLOYMENT_TARGET = 13.2;
				LD_RUNPATH_SEARCH_PATHS = (
					"$(inherited)",
					"@executable_path/Frameworks",
				);
				PRODUCT_BUNDLE_IDENTIFIER = "school.cesar.advanced-ios-applications.Login";
				PRODUCT_NAME = "$(TARGET_NAME)";
				SWIFT_VERSION = 5.0;
				TARGETED_DEVICE_FAMILY = 1;
			};
			name = Debug;
		};
		5747FA3926F5532800AAB8B2 /* Release */ = {
			isa = XCBuildConfiguration;
			buildSettings = {
				ASSETCATALOG_COMPILER_APPICON_NAME = AppIcon;
				CODE_SIGN_STYLE = Automatic;
				INFOPLIST_FILE = Login/Info.plist;
				IPHONEOS_DEPLOYMENT_TARGET = 13.2;
				LD_RUNPATH_SEARCH_PATHS = (
					"$(inherited)",
					"@executable_path/Frameworks",
				);
				PRODUCT_BUNDLE_IDENTIFIER = "school.cesar.advanced-ios-applications.Login";
				PRODUCT_NAME = "$(TARGET_NAME)";
				SWIFT_VERSION = 5.0;
				TARGETED_DEVICE_FAMILY = 1;
			};
			name = Release;
		};
/* End XCBuildConfiguration section */

/* Begin XCConfigurationList section */
		5747FA1E26F5532500AAB8B2 /* Build configuration list for PBXProject "Login" */ = {
			isa = XCConfigurationList;
			buildConfigurations = (
				5747FA3526F5532800AAB8B2 /* Debug */,
				5747FA3626F5532800AAB8B2 /* Release */,
			);
			defaultConfigurationIsVisible = 0;
			defaultConfigurationName = Release;
		};
		5747FA3726F5532800AAB8B2 /* Build configuration list for PBXNativeTarget "Login" */ = {
			isa = XCConfigurationList;
			buildConfigurations = (
				5747FA3826F5532800AAB8B2 /* Debug */,
				5747FA3926F5532800AAB8B2 /* Release */,
			);
			defaultConfigurationIsVisible = 0;
			defaultConfigurationName = Release;
		};
/* End XCConfigurationList section */
	};
	rootObject = 5747FA1B26F5532500AAB8B2 /* Project object */;
}
